
Microsoft Visual Studio Solution File, Format Version 12.00
# Visual Studio Version 17
VisualStudioVersion = 17.14.36221.1 d17.14
MinimumVisualStudioVersion = 10.0.40219.1
Project("{8BC9CEB8-8B4A-11D0-8D11-00A0C91BC942}") = "ModDumper", "ModDumper.vcxproj", "{8913DD0C-CFB7-4C78-9A92-FB15313BC1D8}"
EndProject
Global
	GlobalSection(SolutionConfigurationPlatforms) = preSolution
		Debug|x64 = Debug|x64
		Debug|x86 = Debug|x86
		Release|x64 = Release|x64
		Release|x86 = Release|x86
	EndGlobalSection
	GlobalSection(ProjectConfigurationPlatforms) = postSolution
		{8913DD0C-CFB7-4C78-9A92-FB15313BC1D8}.Debug|x64.ActiveCfg = Debug|x64
		{8913DD0C-CFB7-4C78-9A92-FB15313BC1D8}.Debug|x64.Build.0 = Debug|x64
		{8913DD0C-CFB7-4C78-9A92-FB15313BC1D8}.Debug|x86.ActiveCfg = Debug|Win32
		{8913DD0C-CFB7-4C78-9A92-FB15313BC1D8}.Debug|x86.Build.0 = Debug|Win32
		{8913DD0C-CFB7-4C78-9A92-FB15313BC1D8}.Release|x64.ActiveCfg = Release|x64
		{8913DD0C-CFB7-4C78-9A92-FB15313BC1D8}.Release|x64.Build.0 = Release|x64
		{8913DD0C-CFB7-4C78-9A92-FB15313BC1D8}.Release|x86.ActiveCfg = Release|Win32
		{8913DD0C-CFB7-4C78-9A92-FB15313BC1D8}.Release|x86.Build.0 = Release|Win32
	EndGlobalSection
	GlobalSection(SolutionProperties) = preSolution
		HideSolutionNode = FALSE
	EndGlobalSection
	GlobalSection(ExtensibilityGlobals) = postSolution
		SolutionGuid = {7302ED90-BD05-4743-965E-5E8278C9E3BF}
	EndGlobalSection
EndGlobal
